
Microsoft Visual Studio Solution File, Format Version 12.00
# Visual Studio Version 17
VisualStudioVersion = 17.8.34322.80
MinimumVisualStudioVersion = 10.0.40219.1
Project("{FAE04EC0-301F-11D3-BF4B-00C04F79EFBC}") = "Clicker", "Clicker.csproj", "{50D48D81-E9D8-4431-808E-353E377CFA7F}"
EndProject
Global
	GlobalSection(SolutionConfigurationPlatforms) = preSolution
		Debug|Any CPU = Debug|Any CPU
		Release|Any CPU = Release|Any CPU
	EndGlobalSection
	GlobalSection(ProjectConfigurationPlatforms) = postSolution
		{50D48D81-E9D8-4431-808E-353E377CFA7F}.Debug|Any CPU.ActiveCfg = Debug|Any CPU
		{50D48D81-E9D8-4431-808E-353E377CFA7F}.Debug|Any CPU.Build.0 = Debug|Any CPU
		{50D48D81-E9D8-4431-808E-353E377CFA7F}.Release|Any CPU.ActiveCfg = Release|Any CPU
		{50D48D81-E9D8-4431-808E-353E377CFA7F}.Release|Any CPU.Build.0 = Release|Any CPU
	EndGlobalSection
	GlobalSection(SolutionProperties) = preSolution
		HideSolutionNode = FALSE
	EndGlobalSection
	GlobalSection(ExtensibilityGlobals) = postSolution
		SolutionGuid = {83B8D596-D8DE-4B31-B808-708DB6AD6BEB}
	EndGlobalSection
EndGlobal
